// !$*UTF8*$!
{
	archiveVersion = 1;
	classes = {
	};
	objectVersion = 50;
	objects = {

/* Begin PBXBuildFile section */
		77FC6F2C2435A33E004B858F /* AppDelegate.swift in Sources */ = {isa = PBXBuildFile; fileRef = 77FC6F2B2435A33E004B858F /* AppDelegate.swift */; };
		77FC6F2E2435A33E004B858F /* SceneDelegate.swift in Sources */ = {isa = PBXBuildFile; fileRef = 77FC6F2D2435A33E004B858F /* SceneDelegate.swift */; };
		77FC6F302435A33E004B858F /* ViewController.swift in Sources */ = {isa = PBXBuildFile; fileRef = 77FC6F2F2435A33E004B858F /* ViewController.swift */; };
		77FC6F332435A33E004B858F /* Main.storyboard in Resources */ = {isa = PBXBuildFile; fileRef = 77FC6F312435A33E004B858F /* Main.storyboard */; };
		77FC6F352435A33F004B858F /* Assets.xcassets in Resources */ = {isa = PBXBuildFile; fileRef = 77FC6F342435A33F004B858F /* Assets.xcassets */; };
		77FC6F382435A33F004B858F /* LaunchScreen.storyboard in Resources */ = {isa = PBXBuildFile; fileRef = 77FC6F362435A33F004B858F /* LaunchScreen.storyboard */; };
		77FC6F7E2435A6F7004B858F /* README.md in Resources */ = {isa = PBXBuildFile; fileRef = 77FC6F7D2435A6F7004B858F /* README.md */; };
		77FC6FC22435C984004B858F /* LYGraffiti.framework in Frameworks */ = {isa = PBXBuildFile; fileRef = 77FC6FBC2435C099004B858F /* LYGraffiti.framework */; };
		77FC6FC32435C984004B858F /* LYGraffiti.framework in Embed Frameworks */ = {isa = PBXBuildFile; fileRef = 77FC6FBC2435C099004B858F /* LYGraffiti.framework */; settings = {ATTRIBUTES = (RemoveHeadersOnCopy, ); }; };
/* End PBXBuildFile section */

/* Begin PBXContainerItemProxy section */
		77FC6FBB2435C099004B858F /* PBXContainerItemProxy */ = {
			isa = PBXContainerItemProxy;
			containerPortal = 77FC6FB72435C099004B858F /* LYGraffiti.xcodeproj */;
			proxyType = 2;
			remoteGlobalIDString = 77FC6F8A2435AACD004B858F;
			remoteInfo = LYGraffiti;
		};
/* End PBXContainerItemProxy section */

/* Begin PBXCopyFilesBuildPhase section */
		77FC6FC42435C985004B858F /* Embed Frameworks */ = {
			isa = PBXCopyFilesBuildPhase;
			buildActionMask = 2147483647;
			dstPath = "";
			dstSubfolderSpec = 10;
			files = (
				77FC6FC32435C984004B858F /* LYGraffiti.framework in Embed Frameworks */,
			);
			name = "Embed Frameworks";
			runOnlyForDeploymentPostprocessing = 0;
		};
/* End PBXCopyFilesBuildPhase section */

/* Begin PBXFileReference section */
		77FC6F282435A33E004B858F /* LYGraffitiDemo.app */ = {isa = PBXFileReference; explicitFileType = wrapper.application; includeInIndex = 0; path = LYGraffitiDemo.app; sourceTree = BUILT_PRODUCTS_DIR; };
		77FC6F2B2435A33E004B858F /* AppDelegate.swift */ = {isa = PBXFileReference; lastKnownFileType = sourcecode.swift; path = AppDelegate.swift; sourceTree = "<group>"; };
		77FC6F2D2435A33E004B858F /* SceneDelegate.swift */ = {isa = PBXFileReference; lastKnownFileType = sourcecode.swift; path = SceneDelegate.swift; sourceTree = "<group>"; };
		77FC6F2F2435A33E004B858F /* ViewController.swift */ = {isa = PBXFileReference; lastKnownFileType = sourcecode.swift; path = ViewController.swift; sourceTree = "<group>"; };
		77FC6F322435A33E004B858F /* Base */ = {isa = PBXFileReference; lastKnownFileType = file.storyboard; name = Base; path = Base.lproj/Main.storyboard; sourceTree = "<group>"; };
		77FC6F342435A33F004B858F /* Assets.xcassets */ = {isa = PBXFileReference; lastKnownFileType = folder.assetcatalog; path = Assets.xcassets; sourceTree = "<group>"; };
		77FC6F372435A33F004B858F /* Base */ = {isa = PBXFileReference; lastKnownFileType = file.storyboard; name = Base; path = Base.lproj/LaunchScreen.storyboard; sourceTree = "<group>"; };
		77FC6F392435A33F004B858F /* Info.plist */ = {isa = PBXFileReference; lastKnownFileType = text.plist.xml; path = Info.plist; sourceTree = "<group>"; };
		77FC6F7D2435A6F7004B858F /* README.md */ = {isa = PBXFileReference; lastKnownFileType = net.daringfireball.markdown; path = README.md; sourceTree = "<group>"; };
		77FC6FB72435C099004B858F /* LYGraffiti.xcodeproj */ = {isa = PBXFileReference; lastKnownFileType = "wrapper.pb-project"; name = LYGraffiti.xcodeproj; path = LYGraffiti/LYGraffiti.xcodeproj; sourceTree = "<group>"; };
/* End PBXFileReference section */

/* Begin PBXFrameworksBuildPhase section */
		77FC6F252435A33E004B858F /* Frameworks */ = {
			isa = PBXFrameworksBuildPhase;
			buildActionMask = 2147483647;
			files = (
				77FC6FC22435C984004B858F /* LYGraffiti.framework in Frameworks */,
			);
			runOnlyForDeploymentPostprocessing = 0;
		};
/* End PBXFrameworksBuildPhase section */

/* Begin PBXGroup section */
		77FC6F1F2435A33E004B858F = {
			isa = PBXGroup;
			children = (
				77FC6FB72435C099004B858F /* LYGraffiti.xcodeproj */,
				77FC6F7D2435A6F7004B858F /* README.md */,
				77FC6F2A2435A33E004B858F /* LYGraffitiDemo */,
				77FC6F292435A33E004B858F /* Products */,
				77FC6F792435A660004B858F /* Frameworks */,
			);
			sourceTree = "<group>";
		};
		77FC6F292435A33E004B858F /* Products */ = {
			isa = PBXGroup;
			children = (
				77FC6F282435A33E004B858F /* LYGraffitiDemo.app */,
			);
			name = Products;
			sourceTree = "<group>";
		};
		77FC6F2A2435A33E004B858F /* LYGraffitiDemo */ = {
			isa = PBXGroup;
			children = (
				77FC6F2B2435A33E004B858F /* AppDelegate.swift */,
				77FC6F2D2435A33E004B858F /* SceneDelegate.swift */,
				77FC6F2F2435A33E004B858F /* ViewController.swift */,
				77FC6F312435A33E004B858F /* Main.storyboard */,
				77FC6F342435A33F004B858F /* Assets.xcassets */,
				77FC6F362435A33F004B858F /* LaunchScreen.storyboard */,
				77FC6F392435A33F004B858F /* Info.plist */,
			);
			path = LYGraffitiDemo;
			sourceTree = "<group>";
		};
		77FC6F792435A660004B858F /* Frameworks */ = {
			isa = PBXGroup;
			children = (
			);
			name = Frameworks;
			sourceTree = "<group>";
		};
		77FC6FB82435C099004B858F /* Products */ = {
			isa = PBXGroup;
			children = (
				77FC6FBC2435C099004B858F /* LYGraffiti.framework */,
			);
			name = Products;
			sourceTree = "<group>";
		};
/* End PBXGroup section */

/* Begin PBXNativeTarget section */
		77FC6F272435A33E004B858F /* LYGraffitiDemo */ = {
			isa = PBXNativeTarget;
			buildConfigurationList = 77FC6F3C2435A33F004B858F /* Build configuration list for PBXNativeTarget "LYGraffitiDemo" */;
			buildPhases = (
				77FC6F242435A33E004B858F /* Sources */,
				77FC6F252435A33E004B858F /* Frameworks */,
				77FC6F262435A33E004B858F /* Resources */,
				77FC6FC42435C985004B858F /* Embed Frameworks */,
			);
			buildRules = (
			);
			dependencies = (
			);
			name = LYGraffitiDemo;
			productName = LYGraffitiDemo;
			productReference = 77FC6F282435A33E004B858F /* LYGraffitiDemo.app */;
			productType = "com.apple.product-type.application";
		};
/* End PBXNativeTarget section */

/* Begin PBXProject section */
		77FC6F202435A33E004B858F /* Project object */ = {
			isa = PBXProject;
			attributes = {
				LastSwiftUpdateCheck = 1130;
				LastUpgradeCheck = 1130;
				ORGANIZATIONNAME = Laoyou;
				TargetAttributes = {
					77FC6F272435A33E004B858F = {
						CreatedOnToolsVersion = 11.3.1;
					};
				};
			};
			buildConfigurationList = 77FC6F232435A33E004B858F /* Build configuration list for PBXProject "LYGraffitiDemo" */;
			compatibilityVersion = "Xcode 9.3";
			developmentRegion = en;
			hasScannedForEncodings = 0;
			knownRegions = (
				en,
				Base,
			);
			mainGroup = 77FC6F1F2435A33E004B858F;
			productRefGroup = 77FC6F292435A33E004B858F /* Products */;
			projectDirPath = "";
			projectReferences = (
				{
					ProductGroup = 77FC6FB82435C099004B858F /* Products */;
					ProjectRef = 77FC6FB72435C099004B858F /* LYGraffiti.xcodeproj */;
				},
			);
			projectRoot = "";
			targets = (
				77FC6F272435A33E004B858F /* LYGraffitiDemo */,
			);
		};
/* End PBXProject section */

/* Begin PBXReferenceProxy section */
		77FC6FBC2435C099004B858F /* LYGraffiti.framework */ = {
			isa = PBXReferenceProxy;
			fileType = wrapper.framework;
			path = LYGraffiti.framework;
			remoteRef = 77FC6FBB2435C099004B858F /* PBXContainerItemProxy */;
			sourceTree = BUILT_PRODUCTS_DIR;
		};
/* End PBXReferenceProxy section */

/* Begin PBXResourcesBuildPhase section */
		77FC6F262435A33E004B858F /* Resources */ = {
			isa = PBXResourcesBuildPhase;
			buildActionMask = 2147483647;
			files = (
				77FC6F382435A33F004B858F /* LaunchScreen.storyboard in Resources */,
				77FC6F352435A33F004B858F /* Assets.xcassets in Resources */,
				77FC6F7E2435A6F7004B858F /* README.md in Resources */,
				77FC6F332435A33E004B858F /* Main.storyboard in Resources */,
			);
			runOnlyForDeploymentPostprocessing = 0;
		};
/* End PBXResourcesBuildPhase section */

/* Begin PBXSourcesBuildPhase section */
		77FC6F242435A33E004B858F /* Sources */ = {
			isa = PBXSourcesBuildPhase;
			buildActionMask = 2147483647;
			files = (
				77FC6F302435A33E004B858F /* ViewController.swift in Sources */,
				77FC6F2C2435A33E004B858F /* AppDelegate.swift in Sources */,
				77FC6F2E2435A33E004B858F /* SceneDelegate.swift in Sources */,
			);
			runOnlyForDeploymentPostprocessing = 0;
		};
/* End PBXSourcesBuildPhase section */

/* Begin PBXVariantGroup section */
		77FC6F312435A33E004B858F /* Main.storyboard */ = {
			isa = PBXVariantGroup;
			children = (
				77FC6F322435A33E004B858F /* Base */,
			);
			name = Main.storyboard;
			sourceTree = "<group>";
		};
		77FC6F362435A33F004B858F /* LaunchScreen.storyboard */ = {
			isa = PBXVariantGroup;
			children = (
				77FC6F372435A33F004B858F /* Base */,
			);
			name = LaunchScreen.storyboard;
			sourceTree = "<group>";
		};
/* End PBXVariantGroup section */

/* Begin XCBuildConfiguration section */
		77FC6F3A2435A33F004B858F /* Debug */ = {
			isa = XCBuildConfiguration;
			buildSettings = {
				ALWAYS_SEARCH_USER_PATHS = NO;
				CLANG_ANALYZER_NONNULL = YES;
				CLANG_ANALYZER_NUMBER_OBJECT_CONVERSION = YES_AGGRESSIVE;
				CLANG_CXX_LANGUAGE_STANDARD = "gnu++14";
				CLANG_CXX_LIBRARY = "libc++";
				CLANG_ENABLE_MODULES = YES;
				CLANG_ENABLE_OBJC_ARC = YES;
				CLANG_ENABLE_OBJC_WEAK = YES;
				CLANG_WARN_BLOCK_CAPTURE_AUTORELEASING = YES;
				CLANG_WARN_BOOL_CONVERSION = YES;
				CLANG_WARN_COMMA = YES;
				CLANG_WARN_CONSTANT_CONVERSION = YES;
				CLANG_WARN_DEPRECATED_OBJC_IMPLEMENTATIONS = YES;
				CLANG_WARN_DIRECT_OBJC_ISA_USAGE = YES_ERROR;
				CLANG_WARN_DOCUMENTATION_COMMENTS = YES;
				CLANG_WARN_EMPTY_BODY = YES;
				CLANG_WARN_ENUM_CONVERSION = YES;
				CLANG_WARN_INFINITE_RECURSION = YES;
				CLANG_WARN_INT_CONVERSION = YES;
				CLANG_WARN_NON_LITERAL_NULL_CONVERSION = YES;
				CLANG_WARN_OBJC_IMPLICIT_RETAIN_SELF = YES;
				CLANG_WARN_OBJC_LITERAL_CONVERSION = YES;
				CLANG_WARN_OBJC_ROOT_CLASS = YES_ERROR;
				CLANG_WARN_RANGE_LOOP_ANALYSIS = YES;
				CLANG_WARN_STRICT_PROTOTYPES = YES;
				CLANG_WARN_SUSPICIOUS_MOVE = YES;
				CLANG_WARN_UNGUARDED_AVAILABILITY = YES_AGGRESSIVE;
				CLANG_WARN_UNREACHABLE_CODE = YES;
				CLANG_WARN__DUPLICATE_METHOD_MATCH = YES;
				COPY_PHASE_STRIP = NO;
				DEBUG_INFORMATION_FORMAT = dwarf;
				ENABLE_STRICT_OBJC_MSGSEND = YES;
				ENABLE_TESTABILITY = YES;
				GCC_C_LANGUAGE_STANDARD = gnu11;
				GCC_DYNAMIC_NO_PIC = NO;
				GCC_NO_COMMON_BLOCKS = YES;
				GCC_OPTIMIZATION_LEVEL = 0;
				GCC_PREPROCESSOR_DEFINITIONS = (
					"DEBUG=1",
					"$(inherited)",
				);
				GCC_WARN_64_TO_32_BIT_CONVERSION = YES;
				GCC_WARN_ABOUT_RETURN_TYPE = YES_ERROR;
				GCC_WARN_UNDECLARED_SELECTOR = YES;
				GCC_WARN_UNINITIALIZED_AUTOS = YES_AGGRESSIVE;
				GCC_WARN_UNUSED_FUNCTION = YES;
				GCC_WARN_UNUSED_VARIABLE = YES;
				IPHONEOS_DEPLOYMENT_TARGET = 13.2;
				MTL_ENABLE_DEBUG_INFO = INCLUDE_SOURCE;
				MTL_FAST_MATH = YES;
				ONLY_ACTIVE_ARCH = YES;
				SDKROOT = iphoneos;
				SWIFT_ACTIVE_COMPILATION_CONDITIONS = DEBUG;
				SWIFT_OPTIMIZATION_LEVEL = "-Onone";
			};
			name = Debug;
		};
		77FC6F3B2435A33F004B858F /* Release */ = {
			isa = XCBuildConfiguration;
			buildSettings = {
				ALWAYS_SEARCH_USER_PATHS = NO;
				CLANG_ANALYZER_NONNULL = YES;
				CLANG_ANALYZER_NUMBER_OBJECT_CONVERSION = YES_AGGRESSIVE;
				CLANG_CXX_LANGUAGE_STANDARD = "gnu++14";
				CLANG_CXX_LIBRARY = "libc++";
				CLANG_ENABLE_MODULES = YES;
				CLANG_ENABLE_OBJC_ARC = YES;
				CLANG_ENABLE_OBJC_WEAK = YES;
				CLANG_WARN_BLOCK_CAPTURE_AUTORELEASING = YES;
				CLANG_WARN_BOOL_CONVERSION = YES;
				CLANG_WARN_COMMA = YES;
				CLANG_WARN_CONSTANT_CONVERSION = YES;
				CLANG_WARN_DEPRECATED_OBJC_IMPLEMENTATIONS = YES;
				CLANG_WARN_DIRECT_OBJC_ISA_USAGE = YES_ERROR;
				CLANG_WARN_DOCUMENTATION_COMMENTS = YES;
				CLANG_WARN_EMPTY_BODY = YES;
				CLANG_WARN_ENUM_CONVERSION = YES;
				CLANG_WARN_INFINITE_RECURSION = YES;
				CLANG_WARN_INT_CONVERSION = YES;
				CLANG_WARN_NON_LITERAL_NULL_CONVERSION = YES;
				CLANG_WARN_OBJC_IMPLICIT_RETAIN_SELF = YES;
				CLANG_WARN_OBJC_LITERAL_CONVERSION = YES;
				CLANG_WARN_OBJC_ROOT_CLASS = YES_ERROR;
				CLANG_WARN_RANGE_LOOP_ANALYSIS = YES;
				CLANG_WARN_STRICT_PROTOTYPES = YES;
				CLANG_WARN_SUSPICIOUS_MOVE = YES;
				CLANG_WARN_UNGUARDED_AVAILABILITY = YES_AGGRESSIVE;
				CLANG_WARN_UNREACHABLE_CODE = YES;
				CLANG_WARN__DUPLICATE_METHOD_MATCH = YES;
				COPY_PHASE_STRIP = NO;
				DEBUG_INFORMATION_FORMAT = "dwarf-with-dsym";
				ENABLE_NS_ASSERTIONS = NO;
				ENABLE_STRICT_OBJC_MSGSEND = YES;
				GCC_C_LANGUAGE_STANDARD = gnu11;
				GCC_NO_COMMON_BLOCKS = YES;
				GCC_WARN_64_TO_32_BIT_CONVERSION = YES;
				GCC_WARN_ABOUT_RETURN_TYPE = YES_ERROR;
				GCC_WARN_UNDECLARED_SELECTOR = YES;
				GCC_WARN_UNINITIALIZED_AUTOS = YES_AGGRESSIVE;
				GCC_WARN_UNUSED_FUNCTION = YES;
				GCC_WARN_UNUSED_VARIABLE = YES;
				IPHONEOS_DEPLOYMENT_TARGET = 13.2;
				MTL_ENABLE_DEBUG_INFO = NO;
				MTL_FAST_MATH = YES;
				SDKROOT = iphoneos;
				SWIFT_COMPILATION_MODE = wholemodule;
				SWIFT_OPTIMIZATION_LEVEL = "-O";
				VALIDATE_PRODUCT = YES;
			};
			name = Release;
		};
		77FC6F3D2435A33F004B858F /* Debug */ = {
			isa = XCBuildConfiguration;
			buildSettings = {
				ASSETCATALOG_COMPILER_APPICON_NAME = AppIcon;
				CODE_SIGN_STYLE = Automatic;
				DEVELOPMENT_TEAM = 79GL8JB42W;
				INFOPLIST_FILE = LYGraffitiDemo/Info.plist;
				LD_RUNPATH_SEARCH_PATHS = (
					"$(inherited)",
					"@executable_path/Frameworks",
				);
				PRODUCT_BUNDLE_IDENTIFIER = com.laoyouzhibo.LYGraffitiDemo;
				PRODUCT_NAME = "$(TARGET_NAME)";
				SWIFT_VERSION = 5.0;
				TARGETED_DEVICE_FAMILY = "1,2";
			};
			name = Debug;
		};
		77FC6F3E2435A33F004B858F /* Release */ = {
			isa = XCBuildConfiguration;
			buildSettings = {
				ASSETCATALOG_COMPILER_APPICON_NAME = AppIcon;
				CODE_SIGN_STYLE = Automatic;
				DEVELOPMENT_TEAM = 79GL8JB42W;
				INFOPLIST_FILE = LYGraffitiDemo/Info.plist;
				LD_RUNPATH_SEARCH_PATHS = (
					"$(inherited)",
					"@executable_path/Frameworks",
				);
				PRODUCT_BUNDLE_IDENTIFIER = com.laoyouzhibo.LYGraffitiDemo;
				PRODUCT_NAME = "$(TARGET_NAME)";
				SWIFT_VERSION = 5.0;
				TARGETED_DEVICE_FAMILY = "1,2";
			};
			name = Release;
		};
/* End XCBuildConfiguration section */

/* Begin XCConfigurationList section */
		77FC6F232435A33E004B858F /* Build configuration list for PBXProject "LYGraffitiDemo" */ = {
			isa = XCConfigurationList;
			buildConfigurations = (
				77FC6F3A2435A33F004B858F /* Debug */,
				77FC6F3B2435A33F004B858F /* Release */,
			);
			defaultConfigurationIsVisible = 0;
			defaultConfigurationName = Release;
		};
		77FC6F3C2435A33F004B858F /* Build configuration list for PBXNativeTarget "LYGraffitiDemo" */ = {
			isa = XCConfigurationList;
			buildConfigurations = (
				77FC6F3D2435A33F004B858F /* Debug */,
				77FC6F3E2435A33F004B858F /* Release */,
			);
			defaultConfigurationIsVisible = 0;
			defaultConfigurationName = Release;
		};
/* End XCConfigurationList section */
	};
	rootObject = 77FC6F202435A33E004B858F /* Project object */;
}
