// !$*UTF8*$!
{
	archiveVersion = 1;
	classes = {
	};
	objectVersion = 50;
	objects = {

/* Begin PBXBuildFile section */
		771F7CD02438D64E008F41E5 /* PlayingBoard.swift in Sources */ = {isa = PBXBuildFile; fileRef = 771F7CCF2438D64E008F41E5 /* PlayingBoard.swift */; };
		771F7CD224399805008F41E5 /* LYGraffiti.swift in Sources */ = {isa = PBXBuildFile; fileRef = 771F7CD124399805008F41E5 /* LYGraffiti.swift */; };
		773B2D5D243738CE002D0844 /* ImageCoordinate.swift in Sources */ = {isa = PBXBuildFile; fileRef = 773B2D5C243738CE002D0844 /* ImageCoordinate.swift */; };
		77FC6F8F2435AACD004B858F /* LYGraffiti.h in Headers */ = {isa = PBXBuildFile; fileRef = 77FC6F8D2435AACD004B858F /* LYGraffiti.h */; settings = {ATTRIBUTES = (Public, ); }; };
		77FC6FA12435AB4A004B858F /* DrawingBoard.swift in Sources */ = {isa = PBXBuildFile; fileRef = 77FC6FA02435AB4A004B858F /* DrawingBoard.swift */; };
/* End PBXBuildFile section */

/* Begin PBXFileReference section */
		771F7CCF2438D64E008F41E5 /* PlayingBoard.swift */ = {isa = PBXFileReference; lastKnownFileType = sourcecode.swift; path = PlayingBoard.swift; sourceTree = "<group>"; };
		771F7CD124399805008F41E5 /* LYGraffiti.swift */ = {isa = PBXFileReference; lastKnownFileType = sourcecode.swift; path = LYGraffiti.swift; sourceTree = "<group>"; };
		773B2D5C243738CE002D0844 /* ImageCoordinate.swift */ = {isa = PBXFileReference; lastKnownFileType = sourcecode.swift; path = ImageCoordinate.swift; sourceTree = "<group>"; };
		77FC6F8A2435AACD004B858F /* LYGraffiti.framework */ = {isa = PBXFileReference; explicitFileType = wrapper.framework; includeInIndex = 0; path = LYGraffiti.framework; sourceTree = BUILT_PRODUCTS_DIR; };
		77FC6F8D2435AACD004B858F /* LYGraffiti.h */ = {isa = PBXFileReference; lastKnownFileType = sourcecode.c.h; path = LYGraffiti.h; sourceTree = "<group>"; };
		77FC6F8E2435AACD004B858F /* Info.plist */ = {isa = PBXFileReference; lastKnownFileType = text.plist.xml; path = Info.plist; sourceTree = "<group>"; };
		77FC6FA02435AB4A004B858F /* DrawingBoard.swift */ = {isa = PBXFileReference; fileEncoding = 4; lastKnownFileType = sourcecode.swift; path = DrawingBoard.swift; sourceTree = "<group>"; };
		77FC6FA72435AD1F004B858F /* ios.xcarchive */ = {isa = PBXFileReference; lastKnownFileType = wrapper; path = ios.xcarchive; sourceTree = "<group>"; };
		77FC6FA82435AD1F004B858F /* LYGraffiti.xcframework */ = {isa = PBXFileReference; lastKnownFileType = wrapper.xcframework; path = LYGraffiti.xcframework; sourceTree = "<group>"; };
		77FC6FA92435AD1F004B858F /* ios_sim.xcarchive */ = {isa = PBXFileReference; lastKnownFileType = wrapper; path = ios_sim.xcarchive; sourceTree = "<group>"; };
/* End PBXFileReference section */

/* Begin PBXFrameworksBuildPhase section */
		77FC6F872435AACD004B858F /* Frameworks */ = {
			isa = PBXFrameworksBuildPhase;
			buildActionMask = 2147483647;
			files = (
			);
			runOnlyForDeploymentPostprocessing = 0;
		};
/* End PBXFrameworksBuildPhase section */

/* Begin PBXGroup section */
		77FC6F802435AACD004B858F = {
			isa = PBXGroup;
			children = (
				77FC6F8C2435AACD004B858F /* LYGraffiti */,
				77FC6F8B2435AACD004B858F /* Products */,
				77FC6FA62435AD1F004B858F /* build */,
			);
			sourceTree = "<group>";
		};
		77FC6F8B2435AACD004B858F /* Products */ = {
			isa = PBXGroup;
			children = (
				77FC6F8A2435AACD004B858F /* LYGraffiti.framework */,
			);
			name = Products;
			sourceTree = "<group>";
		};
		77FC6F8C2435AACD004B858F /* LYGraffiti */ = {
			isa = PBXGroup;
			children = (
				77FC6F8D2435AACD004B858F /* LYGraffiti.h */,
				77FC6FA02435AB4A004B858F /* DrawingBoard.swift */,
				77FC6F8E2435AACD004B858F /* Info.plist */,
				773B2D5C243738CE002D0844 /* ImageCoordinate.swift */,
				771F7CCF2438D64E008F41E5 /* PlayingBoard.swift */,
				771F7CD124399805008F41E5 /* LYGraffiti.swift */,
			);
			path = LYGraffiti;
			sourceTree = "<group>";
		};
		77FC6FA62435AD1F004B858F /* build */ = {
			isa = PBXGroup;
			children = (
				77FC6FA72435AD1F004B858F /* ios.xcarchive */,
				77FC6FA82435AD1F004B858F /* LYGraffiti.xcframework */,
				77FC6FA92435AD1F004B858F /* ios_sim.xcarchive */,
			);
			path = build;
			sourceTree = "<group>";
		};
/* End PBXGroup section */

/* Begin PBXHeadersBuildPhase section */
		77FC6F852435AACD004B858F /* Headers */ = {
			isa = PBXHeadersBuildPhase;
			buildActionMask = 2147483647;
			files = (
				77FC6F8F2435AACD004B858F /* LYGraffiti.h in Headers */,
			);
			runOnlyForDeploymentPostprocessing = 0;
		};
/* End PBXHeadersBuildPhase section */

/* Begin PBXNativeTarget section */
		77FC6F892435AACD004B858F /* LYGraffiti */ = {
			isa = PBXNativeTarget;
			buildConfigurationList = 77FC6F922435AACD004B858F /* Build configuration list for PBXNativeTarget "LYGraffiti" */;
			buildPhases = (
				77FC6F852435AACD004B858F /* Headers */,
				77FC6F862435AACD004B858F /* Sources */,
				77FC6F872435AACD004B858F /* Frameworks */,
				77FC6F882435AACD004B858F /* Resources */,
			);
			buildRules = (
			);
			dependencies = (
			);
			name = LYGraffiti;
			productName = LYGraffiti;
			productReference = 77FC6F8A2435AACD004B858F /* LYGraffiti.framework */;
			productType = "com.apple.product-type.framework";
		};
/* End PBXNativeTarget section */

/* Begin PBXProject section */
		77FC6F812435AACD004B858F /* Project object */ = {
			isa = PBXProject;
			attributes = {
				LastUpgradeCheck = 1130;
				ORGANIZATIONNAME = Laoyou;
				TargetAttributes = {
					77FC6F892435AACD004B858F = {
						CreatedOnToolsVersion = 11.3.1;
						LastSwiftMigration = 1130;
					};
				};
			};
			buildConfigurationList = 77FC6F842435AACD004B858F /* Build configuration list for PBXProject "LYGraffiti" */;
			compatibilityVersion = "Xcode 9.3";
			developmentRegion = en;
			hasScannedForEncodings = 0;
			knownRegions = (
				en,
				Base,
			);
			mainGroup = 77FC6F802435AACD004B858F;
			productRefGroup = 77FC6F8B2435AACD004B858F /* Products */;
			projectDirPath = "";
			projectRoot = "";
			targets = (
				77FC6F892435AACD004B858F /* LYGraffiti */,
			);
		};
/* End PBXProject section */

/* Begin PBXResourcesBuildPhase section */
		77FC6F882435AACD004B858F /* Resources */ = {
			isa = PBXResourcesBuildPhase;
			buildActionMask = 2147483647;
			files = (
			);
			runOnlyForDeploymentPostprocessing = 0;
		};
/* End PBXResourcesBuildPhase section */

/* Begin PBXSourcesBuildPhase section */
		77FC6F862435AACD004B858F /* Sources */ = {
			isa = PBXSourcesBuildPhase;
			buildActionMask = 2147483647;
			files = (
				771F7CD224399805008F41E5 /* LYGraffiti.swift in Sources */,
				77FC6FA12435AB4A004B858F /* DrawingBoard.swift in Sources */,
				771F7CD02438D64E008F41E5 /* PlayingBoard.swift in Sources */,
				773B2D5D243738CE002D0844 /* ImageCoordinate.swift in Sources */,
			);
			runOnlyForDeploymentPostprocessing = 0;
		};
/* End PBXSourcesBuildPhase section */

/* Begin XCBuildConfiguration section */
		77FC6F902435AACD004B858F /* Debug */ = {
			isa = XCBuildConfiguration;
			buildSettings = {
				ALWAYS_SEARCH_USER_PATHS = NO;
				CLANG_ANALYZER_NONNULL = YES;
				CLANG_ANALYZER_NUMBER_OBJECT_CONVERSION = YES_AGGRESSIVE;
				CLANG_CXX_LANGUAGE_STANDARD = "gnu++14";
				CLANG_CXX_LIBRARY = "libc++";
				CLANG_ENABLE_MODULES = YES;
				CLANG_ENABLE_OBJC_ARC = YES;
				CLANG_ENABLE_OBJC_WEAK = YES;
				CLANG_WARN_BLOCK_CAPTURE_AUTORELEASING = YES;
				CLANG_WARN_BOOL_CONVERSION = YES;
				CLANG_WARN_COMMA = YES;
				CLANG_WARN_CONSTANT_CONVERSION = YES;
				CLANG_WARN_DEPRECATED_OBJC_IMPLEMENTATIONS = YES;
				CLANG_WARN_DIRECT_OBJC_ISA_USAGE = YES_ERROR;
				CLANG_WARN_DOCUMENTATION_COMMENTS = YES;
				CLANG_WARN_EMPTY_BODY = YES;
				CLANG_WARN_ENUM_CONVERSION = YES;
				CLANG_WARN_INFINITE_RECURSION = YES;
				CLANG_WARN_INT_CONVERSION = YES;
				CLANG_WARN_NON_LITERAL_NULL_CONVERSION = YES;
				CLANG_WARN_OBJC_IMPLICIT_RETAIN_SELF = YES;
				CLANG_WARN_OBJC_LITERAL_CONVERSION = YES;
				CLANG_WARN_OBJC_ROOT_CLASS = YES_ERROR;
				CLANG_WARN_RANGE_LOOP_ANALYSIS = YES;
				CLANG_WARN_STRICT_PROTOTYPES = YES;
				CLANG_WARN_SUSPICIOUS_MOVE = YES;
				CLANG_WARN_UNGUARDED_AVAILABILITY = YES_AGGRESSIVE;
				CLANG_WARN_UNREACHABLE_CODE = YES;
				CLANG_WARN__DUPLICATE_METHOD_MATCH = YES;
				COPY_PHASE_STRIP = NO;
				CURRENT_PROJECT_VERSION = 1;
				DEBUG_INFORMATION_FORMAT = dwarf;
				ENABLE_STRICT_OBJC_MSGSEND = YES;
				ENABLE_TESTABILITY = YES;
				GCC_C_LANGUAGE_STANDARD = gnu11;
				GCC_DYNAMIC_NO_PIC = NO;
				GCC_NO_COMMON_BLOCKS = YES;
				GCC_OPTIMIZATION_LEVEL = 0;
				GCC_PREPROCESSOR_DEFINITIONS = (
					"DEBUG=1",
					"$(inherited)",
				);
				GCC_WARN_64_TO_32_BIT_CONVERSION = YES;
				GCC_WARN_ABOUT_RETURN_TYPE = YES_ERROR;
				GCC_WARN_UNDECLARED_SELECTOR = YES;
				GCC_WARN_UNINITIALIZED_AUTOS = YES_AGGRESSIVE;
				GCC_WARN_UNUSED_FUNCTION = YES;
				GCC_WARN_UNUSED_VARIABLE = YES;
				IPHONEOS_DEPLOYMENT_TARGET = 13.2;
				MTL_ENABLE_DEBUG_INFO = INCLUDE_SOURCE;
				MTL_FAST_MATH = YES;
				ONLY_ACTIVE_ARCH = YES;
				SDKROOT = iphoneos;
				SWIFT_ACTIVE_COMPILATION_CONDITIONS = DEBUG;
				SWIFT_OPTIMIZATION_LEVEL = "-Onone";
				VERSIONING_SYSTEM = "apple-generic";
				VERSION_INFO_PREFIX = "";
			};
			name = Debug;
		};
		77FC6F912435AACD004B858F /* Release */ = {
			isa = XCBuildConfiguration;
			buildSettings = {
				ALWAYS_SEARCH_USER_PATHS = NO;
				CLANG_ANALYZER_NONNULL = YES;
				CLANG_ANALYZER_NUMBER_OBJECT_CONVERSION = YES_AGGRESSIVE;
				CLANG_CXX_LANGUAGE_STANDARD = "gnu++14";
				CLANG_CXX_LIBRARY = "libc++";
				CLANG_ENABLE_MODULES = YES;
				CLANG_ENABLE_OBJC_ARC = YES;
				CLANG_ENABLE_OBJC_WEAK = YES;
				CLANG_WARN_BLOCK_CAPTURE_AUTORELEASING = YES;
				CLANG_WARN_BOOL_CONVERSION = YES;
				CLANG_WARN_COMMA = YES;
				CLANG_WARN_CONSTANT_CONVERSION = YES;
				CLANG_WARN_DEPRECATED_OBJC_IMPLEMENTATIONS = YES;
				CLANG_WARN_DIRECT_OBJC_ISA_USAGE = YES_ERROR;
				CLANG_WARN_DOCUMENTATION_COMMENTS = YES;
				CLANG_WARN_EMPTY_BODY = YES;
				CLANG_WARN_ENUM_CONVERSION = YES;
				CLANG_WARN_INFINITE_RECURSION = YES;
				CLANG_WARN_INT_CONVERSION = YES;
				CLANG_WARN_NON_LITERAL_NULL_CONVERSION = YES;
				CLANG_WARN_OBJC_IMPLICIT_RETAIN_SELF = YES;
				CLANG_WARN_OBJC_LITERAL_CONVERSION = YES;
				CLANG_WARN_OBJC_ROOT_CLASS = YES_ERROR;
				CLANG_WARN_RANGE_LOOP_ANALYSIS = YES;
				CLANG_WARN_STRICT_PROTOTYPES = YES;
				CLANG_WARN_SUSPICIOUS_MOVE = YES;
				CLANG_WARN_UNGUARDED_AVAILABILITY = YES_AGGRESSIVE;
				CLANG_WARN_UNREACHABLE_CODE = YES;
				CLANG_WARN__DUPLICATE_METHOD_MATCH = YES;
				COPY_PHASE_STRIP = NO;
				CURRENT_PROJECT_VERSION = 1;
				DEBUG_INFORMATION_FORMAT = "dwarf-with-dsym";
				ENABLE_NS_ASSERTIONS = NO;
				ENABLE_STRICT_OBJC_MSGSEND = YES;
				GCC_C_LANGUAGE_STANDARD = gnu11;
				GCC_NO_COMMON_BLOCKS = YES;
				GCC_WARN_64_TO_32_BIT_CONVERSION = YES;
				GCC_WARN_ABOUT_RETURN_TYPE = YES_ERROR;
				GCC_WARN_UNDECLARED_SELECTOR = YES;
				GCC_WARN_UNINITIALIZED_AUTOS = YES_AGGRESSIVE;
				GCC_WARN_UNUSED_FUNCTION = YES;
				GCC_WARN_UNUSED_VARIABLE = YES;
				IPHONEOS_DEPLOYMENT_TARGET = 13.2;
				MTL_ENABLE_DEBUG_INFO = NO;
				MTL_FAST_MATH = YES;
				SDKROOT = iphoneos;
				SWIFT_COMPILATION_MODE = wholemodule;
				SWIFT_OPTIMIZATION_LEVEL = "-O";
				VALIDATE_PRODUCT = YES;
				VERSIONING_SYSTEM = "apple-generic";
				VERSION_INFO_PREFIX = "";
			};
			name = Release;
		};
		77FC6F932435AACD004B858F /* Debug */ = {
			isa = XCBuildConfiguration;
			buildSettings = {
				BUILD_LIBRARY_FOR_DISTRIBUTION = YES;
				CLANG_ENABLE_MODULES = YES;
				CODE_SIGN_STYLE = Automatic;
				DEFINES_MODULE = YES;
				DEVELOPMENT_TEAM = 79GL8JB42W;
				DYLIB_COMPATIBILITY_VERSION = 1;
				DYLIB_CURRENT_VERSION = 1;
				DYLIB_INSTALL_NAME_BASE = "@rpath";
				INFOPLIST_FILE = LYGraffiti/Info.plist;
				INSTALL_PATH = "$(LOCAL_LIBRARY_DIR)/Frameworks";
				LD_RUNPATH_SEARCH_PATHS = (
					"$(inherited)",
					"@executable_path/Frameworks",
					"@loader_path/Frameworks",
				);
				PRODUCT_BUNDLE_IDENTIFIER = com.laoyouzhibo.LYGraffiti;
				PRODUCT_NAME = "$(TARGET_NAME:c99extidentifier)";
				SKIP_INSTALL = YES;
				SWIFT_OPTIMIZATION_LEVEL = "-Onone";
				SWIFT_VERSION = 5.0;
				TARGETED_DEVICE_FAMILY = "1,2";
			};
			name = Debug;
		};
		77FC6F942435AACD004B858F /* Release */ = {
			isa = XCBuildConfiguration;
			buildSettings = {
				BUILD_LIBRARY_FOR_DISTRIBUTION = YES;
				CLANG_ENABLE_MODULES = YES;
				CODE_SIGN_STYLE = Automatic;
				DEFINES_MODULE = YES;
				DEVELOPMENT_TEAM = 79GL8JB42W;
				DYLIB_COMPATIBILITY_VERSION = 1;
				DYLIB_CURRENT_VERSION = 1;
				DYLIB_INSTALL_NAME_BASE = "@rpath";
				INFOPLIST_FILE = LYGraffiti/Info.plist;
				INSTALL_PATH = "$(LOCAL_LIBRARY_DIR)/Frameworks";
				LD_RUNPATH_SEARCH_PATHS = (
					"$(inherited)",
					"@executable_path/Frameworks",
					"@loader_path/Frameworks",
				);
				PRODUCT_BUNDLE_IDENTIFIER = com.laoyouzhibo.LYGraffiti;
				PRODUCT_NAME = "$(TARGET_NAME:c99extidentifier)";
				SKIP_INSTALL = YES;
				SWIFT_VERSION = 5.0;
				TARGETED_DEVICE_FAMILY = "1,2";
			};
			name = Release;
		};
/* End XCBuildConfiguration section */

/* Begin XCConfigurationList section */
		77FC6F842435AACD004B858F /* Build configuration list for PBXProject "LYGraffiti" */ = {
			isa = XCConfigurationList;
			buildConfigurations = (
				77FC6F902435AACD004B858F /* Debug */,
				77FC6F912435AACD004B858F /* Release */,
			);
			defaultConfigurationIsVisible = 0;
			defaultConfigurationName = Release;
		};
		77FC6F922435AACD004B858F /* Build configuration list for PBXNativeTarget "LYGraffiti" */ = {
			isa = XCConfigurationList;
			buildConfigurations = (
				77FC6F932435AACD004B858F /* Debug */,
				77FC6F942435AACD004B858F /* Release */,
			);
			defaultConfigurationIsVisible = 0;
			defaultConfigurationName = Release;
		};
/* End XCConfigurationList section */
	};
	rootObject = 77FC6F812435AACD004B858F /* Project object */;
}
